// !$*UTF8*$!
{
	archiveVersion = 1;
	classes = {
	};
	objectVersion = 56;
	objects = {

/* Begin PBXBuildFile section */
		236B72BD29DC2B92009852C6 /* UsedGamesApp.swift in Sources */ = {isa = PBXBuildFile; fileRef = 236B72BC29DC2B92009852C6 /* UsedGamesApp.swift */; };
		236B72BF29DC2B92009852C6 /* ContentView.swift in Sources */ = {isa = PBXBuildFile; fileRef = 236B72BE29DC2B92009852C6 /* ContentView.swift */; };
		236B72C129DC2B94009852C6 /* Assets.xcassets in Resources */ = {isa = PBXBuildFile; fileRef = 236B72C029DC2B94009852C6 /* Assets.xcassets */; };
		236B72C429DC2B94009852C6 /* Preview Assets.xcassets in Resources */ = {isa = PBXBuildFile; fileRef = 236B72C329DC2B94009852C6 /* Preview Assets.xcassets */; };
		236B72CE29DC2B94009852C6 /* UsedGamesTests.swift in Sources */ = {isa = PBXBuildFile; fileRef = 236B72CD29DC2B94009852C6 /* UsedGamesTests.swift */; };
		236B72D829DC2B94009852C6 /* UsedGamesUITests.swift in Sources */ = {isa = PBXBuildFile; fileRef = 236B72D729DC2B94009852C6 /* UsedGamesUITests.swift */; };
		236B72DA29DC2B94009852C6 /* UsedGamesUITestsLaunchTests.swift in Sources */ = {isa = PBXBuildFile; fileRef = 236B72D929DC2B94009852C6 /* UsedGamesUITestsLaunchTests.swift */; };
		236B72E729DC33D8009852C6 /* Game.swift in Sources */ = {isa = PBXBuildFile; fileRef = 236B72E629DC33D8009852C6 /* Game.swift */; };
		236B72E929DC39F8009852C6 /* GameStore.swift in Sources */ = {isa = PBXBuildFile; fileRef = 236B72E829DC39F8009852C6 /* GameStore.swift */; };
		236B72ED29DC4B80009852C6 /* UsedGames+Formatters.swift in Sources */ = {isa = PBXBuildFile; fileRef = 236B72EC29DC4B80009852C6 /* UsedGames+Formatters.swift */; };
		236B72F129DD8325009852C6 /* Color+UsedGames.swift in Sources */ = {isa = PBXBuildFile; fileRef = 236B72F029DD8325009852C6 /* Color+UsedGames.swift */; };
		236B72F329DD84BD009852C6 /* Colors.xcassets in Resources */ = {isa = PBXBuildFile; fileRef = 236B72F229DD84BD009852C6 /* Colors.xcassets */; };
		236B72F529DD8962009852C6 /* GameListItem.swift in Sources */ = {isa = PBXBuildFile; fileRef = 236B72F429DD8962009852C6 /* GameListItem.swift */; };
		236B72F729DD9877009852C6 /* DetailView.swift in Sources */ = {isa = PBXBuildFile; fileRef = 236B72F629DD9877009852C6 /* DetailView.swift */; };
		236B72F929DDD792009852C6 /* PhotoPicker.swift in Sources */ = {isa = PBXBuildFile; fileRef = 236B72F829DDD792009852C6 /* PhotoPicker.swift */; };
/* End PBXBuildFile section */

/* Begin PBXContainerItemProxy section */
		236B72CA29DC2B94009852C6 /* PBXContainerItemProxy */ = {
			isa = PBXContainerItemProxy;
			containerPortal = 236B72B129DC2B92009852C6 /* Project object */;
			proxyType = 1;
			remoteGlobalIDString = 236B72B829DC2B92009852C6;
			remoteInfo = UsedGames;
		};
		236B72D429DC2B94009852C6 /* PBXContainerItemProxy */ = {
			isa = PBXContainerItemProxy;
			containerPortal = 236B72B129DC2B92009852C6 /* Project object */;
			proxyType = 1;
			remoteGlobalIDString = 236B72B829DC2B92009852C6;
			remoteInfo = UsedGames;
		};
/* End PBXContainerItemProxy section */

/* Begin PBXFileReference section */
		236B72B929DC2B92009852C6 /* UsedGames.app */ = {isa = PBXFileReference; explicitFileType = wrapper.application; includeInIndex = 0; path = UsedGames.app; sourceTree = BUILT_PRODUCTS_DIR; };
		236B72BC29DC2B92009852C6 /* UsedGamesApp.swift */ = {isa = PBXFileReference; lastKnownFileType = sourcecode.swift; path = UsedGamesApp.swift; sourceTree = "<group>"; };
		236B72BE29DC2B92009852C6 /* ContentView.swift */ = {isa = PBXFileReference; lastKnownFileType = sourcecode.swift; path = ContentView.swift; sourceTree = "<group>"; };
		236B72C029DC2B94009852C6 /* Assets.xcassets */ = {isa = PBXFileReference; lastKnownFileType = folder.assetcatalog; path = Assets.xcassets; sourceTree = "<group>"; };
		236B72C329DC2B94009852C6 /* Preview Assets.xcassets */ = {isa = PBXFileReference; lastKnownFileType = folder.assetcatalog; path = "Preview Assets.xcassets"; sourceTree = "<group>"; };
		236B72C929DC2B94009852C6 /* UsedGamesTests.xctest */ = {isa = PBXFileReference; explicitFileType = wrapper.cfbundle; includeInIndex = 0; path = UsedGamesTests.xctest; sourceTree = BUILT_PRODUCTS_DIR; };
		236B72CD29DC2B94009852C6 /* UsedGamesTests.swift */ = {isa = PBXFileReference; lastKnownFileType = sourcecode.swift; path = UsedGamesTests.swift; sourceTree = "<group>"; };
		236B72D329DC2B94009852C6 /* UsedGamesUITests.xctest */ = {isa = PBXFileReference; explicitFileType = wrapper.cfbundle; includeInIndex = 0; path = UsedGamesUITests.xctest; sourceTree = BUILT_PRODUCTS_DIR; };
		236B72D729DC2B94009852C6 /* UsedGamesUITests.swift */ = {isa = PBXFileReference; lastKnownFileType = sourcecode.swift; path = UsedGamesUITests.swift; sourceTree = "<group>"; };
		236B72D929DC2B94009852C6 /* UsedGamesUITestsLaunchTests.swift */ = {isa = PBXFileReference; lastKnownFileType = sourcecode.swift; path = UsedGamesUITestsLaunchTests.swift; sourceTree = "<group>"; };
		236B72E629DC33D8009852C6 /* Game.swift */ = {isa = PBXFileReference; lastKnownFileType = sourcecode.swift; path = Game.swift; sourceTree = "<group>"; };
		236B72E829DC39F8009852C6 /* GameStore.swift */ = {isa = PBXFileReference; lastKnownFileType = sourcecode.swift; path = GameStore.swift; sourceTree = "<group>"; };
		236B72EC29DC4B80009852C6 /* UsedGames+Formatters.swift */ = {isa = PBXFileReference; lastKnownFileType = sourcecode.swift; path = "UsedGames+Formatters.swift"; sourceTree = "<group>"; };
		236B72F029DD8325009852C6 /* Color+UsedGames.swift */ = {isa = PBXFileReference; lastKnownFileType = sourcecode.swift; path = "Color+UsedGames.swift"; sourceTree = "<group>"; };
		236B72F229DD84BD009852C6 /* Colors.xcassets */ = {isa = PBXFileReference; lastKnownFileType = folder.assetcatalog; path = Colors.xcassets; sourceTree = "<group>"; };
		236B72F429DD8962009852C6 /* GameListItem.swift */ = {isa = PBXFileReference; lastKnownFileType = sourcecode.swift; path = GameListItem.swift; sourceTree = "<group>"; };
		236B72F629DD9877009852C6 /* DetailView.swift */ = {isa = PBXFileReference; lastKnownFileType = sourcecode.swift; path = DetailView.swift; sourceTree = "<group>"; };
		236B72F829DDD792009852C6 /* PhotoPicker.swift */ = {isa = PBXFileReference; lastKnownFileType = sourcecode.swift; path = PhotoPicker.swift; sourceTree = "<group>"; };
/* End PBXFileReference section */

/* Begin PBXFrameworksBuildPhase section */
		236B72B629DC2B92009852C6 /* Frameworks */ = {
			isa = PBXFrameworksBuildPhase;
			buildActionMask = 2147483647;
			files = (
			);
			runOnlyForDeploymentPostprocessing = 0;
		};
		236B72C629DC2B94009852C6 /* Frameworks */ = {
			isa = PBXFrameworksBuildPhase;
			buildActionMask = 2147483647;
			files = (
			);
			runOnlyForDeploymentPostprocessing = 0;
		};
		236B72D029DC2B94009852C6 /* Frameworks */ = {
			isa = PBXFrameworksBuildPhase;
			buildActionMask = 2147483647;
			files = (
			);
			runOnlyForDeploymentPostprocessing = 0;
		};
/* End PBXFrameworksBuildPhase section */

/* Begin PBXGroup section */
		236B72B029DC2B92009852C6 = {
			isa = PBXGroup;
			children = (
				236B72BB29DC2B92009852C6 /* UsedGames */,
				236B72CC29DC2B94009852C6 /* UsedGamesTests */,
				236B72D629DC2B94009852C6 /* UsedGamesUITests */,
				236B72BA29DC2B92009852C6 /* Products */,
			);
			sourceTree = "<group>";
		};
		236B72BA29DC2B92009852C6 /* Products */ = {
			isa = PBXGroup;
			children = (
				236B72B929DC2B92009852C6 /* UsedGames.app */,
				236B72C929DC2B94009852C6 /* UsedGamesTests.xctest */,
				236B72D329DC2B94009852C6 /* UsedGamesUITests.xctest */,
			);
			name = Products;
			sourceTree = "<group>";
		};
		236B72BB29DC2B92009852C6 /* UsedGames */ = {
			isa = PBXGroup;
			children = (
				236B72BC29DC2B92009852C6 /* UsedGamesApp.swift */,
				236B72BE29DC2B92009852C6 /* ContentView.swift */,
				236B72F629DD9877009852C6 /* DetailView.swift */,
				236B72F829DDD792009852C6 /* PhotoPicker.swift */,
				236B72F429DD8962009852C6 /* GameListItem.swift */,
				236B72EC29DC4B80009852C6 /* UsedGames+Formatters.swift */,
				236B72E629DC33D8009852C6 /* Game.swift */,
				236B72E829DC39F8009852C6 /* GameStore.swift */,
				236B72C029DC2B94009852C6 /* Assets.xcassets */,
				236B72F229DD84BD009852C6 /* Colors.xcassets */,
				236B72C229DC2B94009852C6 /* Preview Content */,
			);
			path = UsedGames;
			sourceTree = "<group>";
		};
		236B72C229DC2B94009852C6 /* Preview Content */ = {
			isa = PBXGroup;
			children = (
				236B72F029DD8325009852C6 /* Color+UsedGames.swift */,
				236B72C329DC2B94009852C6 /* Preview Assets.xcassets */,
			);
			path = "Preview Content";
			sourceTree = "<group>";
		};
		236B72CC29DC2B94009852C6 /* UsedGamesTests */ = {
			isa = PBXGroup;
			children = (
				236B72CD29DC2B94009852C6 /* UsedGamesTests.swift */,
			);
			path = UsedGamesTests;
			sourceTree = "<group>";
		};
		236B72D629DC2B94009852C6 /* UsedGamesUITests */ = {
			isa = PBXGroup;
			children = (
				236B72D729DC2B94009852C6 /* UsedGamesUITests.swift */,
				236B72D929DC2B94009852C6 /* UsedGamesUITestsLaunchTests.swift */,
			);
			path = UsedGamesUITests;
			sourceTree = "<group>";
		};
/* End PBXGroup section */

/* Begin PBXNativeTarget section */
		236B72B829DC2B92009852C6 /* UsedGames */ = {
			isa = PBXNativeTarget;
			buildConfigurationList = 236B72DD29DC2B94009852C6 /* Build configuration list for PBXNativeTarget "UsedGames" */;
			buildPhases = (
				236B72B529DC2B92009852C6 /* Sources */,
				236B72B629DC2B92009852C6 /* Frameworks */,
				236B72B729DC2B92009852C6 /* Resources */,
			);
			buildRules = (
			);
			dependencies = (
			);
			name = UsedGames;
			productName = UsedGames;
			productReference = 236B72B929DC2B92009852C6 /* UsedGames.app */;
			productType = "com.apple.product-type.application";
		};
		236B72C829DC2B94009852C6 /* UsedGamesTests */ = {
			isa = PBXNativeTarget;
			buildConfigurationList = 236B72E029DC2B94009852C6 /* Build configuration list for PBXNativeTarget "UsedGamesTests" */;
			buildPhases = (
				236B72C529DC2B94009852C6 /* Sources */,
				236B72C629DC2B94009852C6 /* Frameworks */,
				236B72C729DC2B94009852C6 /* Resources */,
			);
			buildRules = (
			);
			dependencies = (
				236B72CB29DC2B94009852C6 /* PBXTargetDependency */,
			);
			name = UsedGamesTests;
			productName = UsedGamesTests;
			productReference = 236B72C929DC2B94009852C6 /* UsedGamesTests.xctest */;
			productType = "com.apple.product-type.bundle.unit-test";
		};
		236B72D229DC2B94009852C6 /* UsedGamesUITests */ = {
			isa = PBXNativeTarget;
			buildConfigurationList = 236B72E329DC2B94009852C6 /* Build configuration list for PBXNativeTarget "UsedGamesUITests" */;
			buildPhases = (
				236B72CF29DC2B94009852C6 /* Sources */,
				236B72D029DC2B94009852C6 /* Frameworks */,
				236B72D129DC2B94009852C6 /* Resources */,
			);
			buildRules = (
			);
			dependencies = (
				236B72D529DC2B94009852C6 /* PBXTargetDependency */,
			);
			name = UsedGamesUITests;
			productName = UsedGamesUITests;
			productReference = 236B72D329DC2B94009852C6 /* UsedGamesUITests.xctest */;
			productType = "com.apple.product-type.bundle.ui-testing";
		};
/* End PBXNativeTarget section */

/* Begin PBXProject section */
		236B72B129DC2B92009852C6 /* Project object */ = {
			isa = PBXProject;
			attributes = {
				BuildIndependentTargetsInParallel = 1;
				LastSwiftUpdateCheck = 1420;
				LastUpgradeCheck = 1420;
				TargetAttributes = {
					236B72B829DC2B92009852C6 = {
						CreatedOnToolsVersion = 14.2;
					};
					236B72C829DC2B94009852C6 = {
						CreatedOnToolsVersion = 14.2;
						TestTargetID = 236B72B829DC2B92009852C6;
					};
					236B72D229DC2B94009852C6 = {
						CreatedOnToolsVersion = 14.2;
						TestTargetID = 236B72B829DC2B92009852C6;
					};
				};
			};
			buildConfigurationList = 236B72B429DC2B92009852C6 /* Build configuration list for PBXProject "UsedGames" */;
			compatibilityVersion = "Xcode 14.0";
			developmentRegion = en;
			hasScannedForEncodings = 0;
			knownRegions = (
				en,
				Base,
			);
			mainGroup = 236B72B029DC2B92009852C6;
			productRefGroup = 236B72BA29DC2B92009852C6 /* Products */;
			projectDirPath = "";
			projectRoot = "";
			targets = (
				236B72B829DC2B92009852C6 /* UsedGames */,
				236B72C829DC2B94009852C6 /* UsedGamesTests */,
				236B72D229DC2B94009852C6 /* UsedGamesUITests */,
			);
		};
/* End PBXProject section */

/* Begin PBXResourcesBuildPhase section */
		236B72B729DC2B92009852C6 /* Resources */ = {
			isa = PBXResourcesBuildPhase;
			buildActionMask = 2147483647;
			files = (
				236B72F329DD84BD009852C6 /* Colors.xcassets in Resources */,
				236B72C429DC2B94009852C6 /* Preview Assets.xcassets in Resources */,
				236B72C129DC2B94009852C6 /* Assets.xcassets in Resources */,
			);
			runOnlyForDeploymentPostprocessing = 0;
		};
		236B72C729DC2B94009852C6 /* Resources */ = {
			isa = PBXResourcesBuildPhase;
			buildActionMask = 2147483647;
			files = (
			);
			runOnlyForDeploymentPostprocessing = 0;
		};
		236B72D129DC2B94009852C6 /* Resources */ = {
			isa = PBXResourcesBuildPhase;
			buildActionMask = 2147483647;
			files = (
			);
			runOnlyForDeploymentPostprocessing = 0;
		};
/* End PBXResourcesBuildPhase section */

/* Begin PBXSourcesBuildPhase section */
		236B72B529DC2B92009852C6 /* Sources */ = {
			isa = PBXSourcesBuildPhase;
			buildActionMask = 2147483647;
			files = (
				236B72BF29DC2B92009852C6 /* ContentView.swift in Sources */,
				236B72F729DD9877009852C6 /* DetailView.swift in Sources */,
				236B72F929DDD792009852C6 /* PhotoPicker.swift in Sources */,
				236B72ED29DC4B80009852C6 /* UsedGames+Formatters.swift in Sources */,
				236B72F529DD8962009852C6 /* GameListItem.swift in Sources */,
				236B72F129DD8325009852C6 /* Color+UsedGames.swift in Sources */,
				236B72E929DC39F8009852C6 /* GameStore.swift in Sources */,
				236B72E729DC33D8009852C6 /* Game.swift in Sources */,
				236B72BD29DC2B92009852C6 /* UsedGamesApp.swift in Sources */,
			);
			runOnlyForDeploymentPostprocessing = 0;
		};
		236B72C529DC2B94009852C6 /* Sources */ = {
			isa = PBXSourcesBuildPhase;
			buildActionMask = 2147483647;
			files = (
				236B72CE29DC2B94009852C6 /* UsedGamesTests.swift in Sources */,
			);
			runOnlyForDeploymentPostprocessing = 0;
		};
		236B72CF29DC2B94009852C6 /* Sources */ = {
			isa = PBXSourcesBuildPhase;
			buildActionMask = 2147483647;
			files = (
				236B72D829DC2B94009852C6 /* UsedGamesUITests.swift in Sources */,
				236B72DA29DC2B94009852C6 /* UsedGamesUITestsLaunchTests.swift in Sources */,
			);
			runOnlyForDeploymentPostprocessing = 0;
		};
/* End PBXSourcesBuildPhase section */

/* Begin PBXTargetDependency section */
		236B72CB29DC2B94009852C6 /* PBXTargetDependency */ = {
			isa = PBXTargetDependency;
			target = 236B72B829DC2B92009852C6 /* UsedGames */;
			targetProxy = 236B72CA29DC2B94009852C6 /* PBXContainerItemProxy */;
		};
		236B72D529DC2B94009852C6 /* PBXTargetDependency */ = {
			isa = PBXTargetDependency;
			target = 236B72B829DC2B92009852C6 /* UsedGames */;
			targetProxy = 236B72D429DC2B94009852C6 /* PBXContainerItemProxy */;
		};
/* End PBXTargetDependency section */

/* Begin XCBuildConfiguration section */
		236B72DB29DC2B94009852C6 /* Debug */ = {
			isa = XCBuildConfiguration;
			buildSettings = {
				ALWAYS_SEARCH_USER_PATHS = NO;
				CLANG_ANALYZER_NONNULL = YES;
				CLANG_ANALYZER_NUMBER_OBJECT_CONVERSION = YES_AGGRESSIVE;
				CLANG_CXX_LANGUAGE_STANDARD = "gnu++20";
				CLANG_ENABLE_MODULES = YES;
				CLANG_ENABLE_OBJC_ARC = YES;
				CLANG_ENABLE_OBJC_WEAK = YES;
				CLANG_WARN_BLOCK_CAPTURE_AUTORELEASING = YES;
				CLANG_WARN_BOOL_CONVERSION = YES;
				CLANG_WARN_COMMA = YES;
				CLANG_WARN_CONSTANT_CONVERSION = YES;
				CLANG_WARN_DEPRECATED_OBJC_IMPLEMENTATIONS = YES;
				CLANG_WARN_DIRECT_OBJC_ISA_USAGE = YES_ERROR;
				CLANG_WARN_DOCUMENTATION_COMMENTS = YES;
				CLANG_WARN_EMPTY_BODY = YES;
				CLANG_WARN_ENUM_CONVERSION = YES;
				CLANG_WARN_INFINITE_RECURSION = YES;
				CLANG_WARN_INT_CONVERSION = YES;
				CLANG_WARN_NON_LITERAL_NULL_CONVERSION = YES;
				CLANG_WARN_OBJC_IMPLICIT_RETAIN_SELF = YES;
				CLANG_WARN_OBJC_LITERAL_CONVERSION = YES;
				CLANG_WARN_OBJC_ROOT_CLASS = YES_ERROR;
				CLANG_WARN_QUOTED_INCLUDE_IN_FRAMEWORK_HEADER = YES;
				CLANG_WARN_RANGE_LOOP_ANALYSIS = YES;
				CLANG_WARN_STRICT_PROTOTYPES = YES;
				CLANG_WARN_SUSPICIOUS_MOVE = YES;
				CLANG_WARN_UNGUARDED_AVAILABILITY = YES_AGGRESSIVE;
				CLANG_WARN_UNREACHABLE_CODE = YES;
				CLANG_WARN__DUPLICATE_METHOD_MATCH = YES;
				COPY_PHASE_STRIP = NO;
				DEBUG_INFORMATION_FORMAT = dwarf;
				ENABLE_STRICT_OBJC_MSGSEND = YES;
				ENABLE_TESTABILITY = YES;
				GCC_C_LANGUAGE_STANDARD = gnu11;
				GCC_DYNAMIC_NO_PIC = NO;
				GCC_NO_COMMON_BLOCKS = YES;
				GCC_OPTIMIZATION_LEVEL = 0;
				GCC_PREPROCESSOR_DEFINITIONS = (
					"DEBUG=1",
					"$(inherited)",
				);
				GCC_WARN_64_TO_32_BIT_CONVERSION = YES;
				GCC_WARN_ABOUT_RETURN_TYPE = YES_ERROR;
				GCC_WARN_UNDECLARED_SELECTOR = YES;
				GCC_WARN_UNINITIALIZED_AUTOS = YES_AGGRESSIVE;
				GCC_WARN_UNUSED_FUNCTION = YES;
				GCC_WARN_UNUSED_VARIABLE = YES;
				IPHONEOS_DEPLOYMENT_TARGET = 16.2;
				MTL_ENABLE_DEBUG_INFO = INCLUDE_SOURCE;
				MTL_FAST_MATH = YES;
				ONLY_ACTIVE_ARCH = YES;
				SDKROOT = iphoneos;
				SWIFT_ACTIVE_COMPILATION_CONDITIONS = DEBUG;
				SWIFT_OPTIMIZATION_LEVEL = "-Onone";
			};
			name = Debug;
		};
		236B72DC29DC2B94009852C6 /* Release */ = {
			isa = XCBuildConfiguration;
			buildSettings = {
				ALWAYS_SEARCH_USER_PATHS = NO;
				CLANG_ANALYZER_NONNULL = YES;
				CLANG_ANALYZER_NUMBER_OBJECT_CONVERSION = YES_AGGRESSIVE;
				CLANG_CXX_LANGUAGE_STANDARD = "gnu++20";
				CLANG_ENABLE_MODULES = YES;
				CLANG_ENABLE_OBJC_ARC = YES;
				CLANG_ENABLE_OBJC_WEAK = YES;
				CLANG_WARN_BLOCK_CAPTURE_AUTORELEASING = YES;
				CLANG_WARN_BOOL_CONVERSION = YES;
				CLANG_WARN_COMMA = YES;
				CLANG_WARN_CONSTANT_CONVERSION = YES;
				CLANG_WARN_DEPRECATED_OBJC_IMPLEMENTATIONS = YES;
				CLANG_WARN_DIRECT_OBJC_ISA_USAGE = YES_ERROR;
				CLANG_WARN_DOCUMENTATION_COMMENTS = YES;
				CLANG_WARN_EMPTY_BODY = YES;
				CLANG_WARN_ENUM_CONVERSION = YES;
				CLANG_WARN_INFINITE_RECURSION = YES;
				CLANG_WARN_INT_CONVERSION = YES;
				CLANG_WARN_NON_LITERAL_NULL_CONVERSION = YES;
				CLANG_WARN_OBJC_IMPLICIT_RETAIN_SELF = YES;
				CLANG_WARN_OBJC_LITERAL_CONVERSION = YES;
				CLANG_WARN_OBJC_ROOT_CLASS = YES_ERROR;
				CLANG_WARN_QUOTED_INCLUDE_IN_FRAMEWORK_HEADER = YES;
				CLANG_WARN_RANGE_LOOP_ANALYSIS = YES;
				CLANG_WARN_STRICT_PROTOTYPES = YES;
				CLANG_WARN_SUSPICIOUS_MOVE = YES;
				CLANG_WARN_UNGUARDED_AVAILABILITY = YES_AGGRESSIVE;
				CLANG_WARN_UNREACHABLE_CODE = YES;
				CLANG_WARN__DUPLICATE_METHOD_MATCH = YES;
				COPY_PHASE_STRIP = NO;
				DEBUG_INFORMATION_FORMAT = "dwarf-with-dsym";
				ENABLE_NS_ASSERTIONS = NO;
				ENABLE_STRICT_OBJC_MSGSEND = YES;
				GCC_C_LANGUAGE_STANDARD = gnu11;
				GCC_NO_COMMON_BLOCKS = YES;
				GCC_WARN_64_TO_32_BIT_CONVERSION = YES;
				GCC_WARN_ABOUT_RETURN_TYPE = YES_ERROR;
				GCC_WARN_UNDECLARED_SELECTOR = YES;
				GCC_WARN_UNINITIALIZED_AUTOS = YES_AGGRESSIVE;
				GCC_WARN_UNUSED_FUNCTION = YES;
				GCC_WARN_UNUSED_VARIABLE = YES;
				IPHONEOS_DEPLOYMENT_TARGET = 16.2;
				MTL_ENABLE_DEBUG_INFO = NO;
				MTL_FAST_MATH = YES;
				SDKROOT = iphoneos;
				SWIFT_COMPILATION_MODE = wholemodule;
				SWIFT_OPTIMIZATION_LEVEL = "-O";
				VALIDATE_PRODUCT = YES;
			};
			name = Release;
		};
		236B72DE29DC2B94009852C6 /* Debug */ = {
			isa = XCBuildConfiguration;
			buildSettings = {
				ASSETCATALOG_COMPILER_APPICON_NAME = AppIcon;
				ASSETCATALOG_COMPILER_GLOBAL_ACCENT_COLOR_NAME = AccentColor;
				CODE_SIGN_STYLE = Automatic;
				CURRENT_PROJECT_VERSION = 1;
				DEVELOPMENT_ASSET_PATHS = "\"UsedGames/Preview Content\"";
				ENABLE_PREVIEWS = YES;
				GENERATE_INFOPLIST_FILE = YES;
				INFOPLIST_KEY_UIApplicationSceneManifest_Generation = YES;
				INFOPLIST_KEY_UIApplicationSupportsIndirectInputEvents = YES;
				INFOPLIST_KEY_UILaunchScreen_Generation = YES;
				INFOPLIST_KEY_UISupportedInterfaceOrientations_iPad = "UIInterfaceOrientationPortrait UIInterfaceOrientationPortraitUpsideDown UIInterfaceOrientationLandscapeLeft UIInterfaceOrientationLandscapeRight";
				INFOPLIST_KEY_UISupportedInterfaceOrientations_iPhone = "UIInterfaceOrientationPortrait UIInterfaceOrientationLandscapeLeft UIInterfaceOrientationLandscapeRight";
				LD_RUNPATH_SEARCH_PATHS = (
					"$(inherited)",
					"@executable_path/Frameworks",
				);
				MARKETING_VERSION = 1.0;
				PRODUCT_BUNDLE_IDENTIFIER = com.beyza.UsedGames;
				PRODUCT_NAME = "$(TARGET_NAME)";
				SWIFT_EMIT_LOC_STRINGS = YES;
				SWIFT_VERSION = 5.0;
				TARGETED_DEVICE_FAMILY = "1,2";
			};
			name = Debug;
		};
		236B72DF29DC2B94009852C6 /* Release */ = {
			isa = XCBuildConfiguration;
			buildSettings = {
				ASSETCATALOG_COMPILER_APPICON_NAME = AppIcon;
				ASSETCATALOG_COMPILER_GLOBAL_ACCENT_COLOR_NAME = AccentColor;
				CODE_SIGN_STYLE = Automatic;
				CURRENT_PROJECT_VERSION = 1;
				DEVELOPMENT_ASSET_PATHS = "\"UsedGames/Preview Content\"";
				ENABLE_PREVIEWS = YES;
				GENERATE_INFOPLIST_FILE = YES;
				INFOPLIST_KEY_UIApplicationSceneManifest_Generation = YES;
				INFOPLIST_KEY_UIApplicationSupportsIndirectInputEvents = YES;
				INFOPLIST_KEY_UILaunchScreen_Generation = YES;
				INFOPLIST_KEY_UISupportedInterfaceOrientations_iPad = "UIInterfaceOrientationPortrait UIInterfaceOrientationPortraitUpsideDown UIInterfaceOrientationLandscapeLeft UIInterfaceOrientationLandscapeRight";
				INFOPLIST_KEY_UISupportedInterfaceOrientations_iPhone = "UIInterfaceOrientationPortrait UIInterfaceOrientationLandscapeLeft UIInterfaceOrientationLandscapeRight";
				LD_RUNPATH_SEARCH_PATHS = (
					"$(inherited)",
					"@executable_path/Frameworks",
				);
				MARKETING_VERSION = 1.0;
				PRODUCT_BUNDLE_IDENTIFIER = com.beyza.UsedGames;
				PRODUCT_NAME = "$(TARGET_NAME)";
				SWIFT_EMIT_LOC_STRINGS = YES;
				SWIFT_VERSION = 5.0;
				TARGETED_DEVICE_FAMILY = "1,2";
			};
			name = Release;
		};
		236B72E129DC2B94009852C6 /* Debug */ = {
			isa = XCBuildConfiguration;
			buildSettings = {
				ALWAYS_EMBED_SWIFT_STANDARD_LIBRARIES = YES;
				BUNDLE_LOADER = "$(TEST_HOST)";
				CODE_SIGN_STYLE = Automatic;
				CURRENT_PROJECT_VERSION = 1;
				GENERATE_INFOPLIST_FILE = YES;
				IPHONEOS_DEPLOYMENT_TARGET = 16.2;
				MARKETING_VERSION = 1.0;
				PRODUCT_BUNDLE_IDENTIFIER = com.beyza.UsedGamesTests;
				PRODUCT_NAME = "$(TARGET_NAME)";
				SWIFT_EMIT_LOC_STRINGS = NO;
				SWIFT_VERSION = 5.0;
				TARGETED_DEVICE_FAMILY = "1,2";
				TEST_HOST = "$(BUILT_PRODUCTS_DIR)/UsedGames.app/$(BUNDLE_EXECUTABLE_FOLDER_PATH)/UsedGames";
			};
			name = Debug;
		};
		236B72E229DC2B94009852C6 /* Release */ = {
			isa = XCBuildConfiguration;
			buildSettings = {
				ALWAYS_EMBED_SWIFT_STANDARD_LIBRARIES = YES;
				BUNDLE_LOADER = "$(TEST_HOST)";
				CODE_SIGN_STYLE = Automatic;
				CURRENT_PROJECT_VERSION = 1;
				GENERATE_INFOPLIST_FILE = YES;
				IPHONEOS_DEPLOYMENT_TARGET = 16.2;
				MARKETING_VERSION = 1.0;
				PRODUCT_BUNDLE_IDENTIFIER = com.beyza.UsedGamesTests;
				PRODUCT_NAME = "$(TARGET_NAME)";
				SWIFT_EMIT_LOC_STRINGS = NO;
				SWIFT_VERSION = 5.0;
				TARGETED_DEVICE_FAMILY = "1,2";
				TEST_HOST = "$(BUILT_PRODUCTS_DIR)/UsedGames.app/$(BUNDLE_EXECUTABLE_FOLDER_PATH)/UsedGames";
			};
			name = Release;
		};
		236B72E429DC2B94009852C6 /* Debug */ = {
			isa = XCBuildConfiguration;
			buildSettings = {
				ALWAYS_EMBED_SWIFT_STANDARD_LIBRARIES = YES;
				CODE_SIGN_STYLE = Automatic;
				CURRENT_PROJECT_VERSION = 1;
				GENERATE_INFOPLIST_FILE = YES;
				MARKETING_VERSION = 1.0;
				PRODUCT_BUNDLE_IDENTIFIER = com.beyza.UsedGamesUITests;
				PRODUCT_NAME = "$(TARGET_NAME)";
				SWIFT_EMIT_LOC_STRINGS = NO;
				SWIFT_VERSION = 5.0;
				TARGETED_DEVICE_FAMILY = "1,2";
				TEST_TARGET_NAME = UsedGames;
			};
			name = Debug;
		};
		236B72E529DC2B94009852C6 /* Release */ = {
			isa = XCBuildConfiguration;
			buildSettings = {
				ALWAYS_EMBED_SWIFT_STANDARD_LIBRARIES = YES;
				CODE_SIGN_STYLE = Automatic;
				CURRENT_PROJECT_VERSION = 1;
				GENERATE_INFOPLIST_FILE = YES;
				MARKETING_VERSION = 1.0;
				PRODUCT_BUNDLE_IDENTIFIER = com.beyza.UsedGamesUITests;
				PRODUCT_NAME = "$(TARGET_NAME)";
				SWIFT_EMIT_LOC_STRINGS = NO;
				SWIFT_VERSION = 5.0;
				TARGETED_DEVICE_FAMILY = "1,2";
				TEST_TARGET_NAME = UsedGames;
			};
			name = Release;
		};
/* End XCBuildConfiguration section */

/* Begin XCConfigurationList section */
		236B72B429DC2B92009852C6 /* Build configuration list for PBXProject "UsedGames" */ = {
			isa = XCConfigurationList;
			buildConfigurations = (
				236B72DB29DC2B94009852C6 /* Debug */,
				236B72DC29DC2B94009852C6 /* Release */,
			);
			defaultConfigurationIsVisible = 0;
			defaultConfigurationName = Release;
		};
		236B72DD29DC2B94009852C6 /* Build configuration list for PBXNativeTarget "UsedGames" */ = {
			isa = XCConfigurationList;
			buildConfigurations = (
				236B72DE29DC2B94009852C6 /* Debug */,
				236B72DF29DC2B94009852C6 /* Release */,
			);
			defaultConfigurationIsVisible = 0;
			defaultConfigurationName = Release;
		};
		236B72E029DC2B94009852C6 /* Build configuration list for PBXNativeTarget "UsedGamesTests" */ = {
			isa = XCConfigurationList;
			buildConfigurations = (
				236B72E129DC2B94009852C6 /* Debug */,
				236B72E229DC2B94009852C6 /* Release */,
			);
			defaultConfigurationIsVisible = 0;
			defaultConfigurationName = Release;
		};
		236B72E329DC2B94009852C6 /* Build configuration list for PBXNativeTarget "UsedGamesUITests" */ = {
			isa = XCConfigurationList;
			buildConfigurations = (
				236B72E429DC2B94009852C6 /* Debug */,
				236B72E529DC2B94009852C6 /* Release */,
			);
			defaultConfigurationIsVisible = 0;
			defaultConfigurationName = Release;
		};
/* End XCConfigurationList section */
	};
	rootObject = 236B72B129DC2B92009852C6 /* Project object */;
}
